PackratFormat: 1.4
PackratVersion: 0.4.9.13
RVersion: 3.5.1
Repos: BioCsoft=https://bioconductor.org/packages/3.7/bioc,
    BioCann=https://bioconductor.org/packages/3.7/data/annotation,
    BioCexp=https://bioconductor.org/packages/3.7/data/experiment,
    BioCworkflows=https://bioconductor.org/packages/3.7/workflows,
    CRAN=https://cran.rstudio.com/

Package: AnnotationDbi
Source: Bioconductor
Version: 1.38.1
Hash: 95caf178015581049245fe306e1061d8
Requires: Biobase, BiocGenerics, DBI, IRanges, RSQLite, S4Vectors

Package: BH
Source: CRAN
Version: 1.62.0-1
Hash: 14dfb3e8ffe20996118306ff4de1fab2

Package: Biobase
Source: Bioconductor
Version: 2.36.2
Hash: 6577b8b47c81dbe5d5e177506dc62bf8
Requires: BiocGenerics

Package: BiocGenerics
Source: Bioconductor
Version: 0.26.0
Hash: 79cfa274553b9197eb19c267720d948b

Package: BiocInstaller
Source: Bioconductor
Version: 1.30.0
Hash: b7e53989dbab5dc09626192456e7abc9

Package: DBI
Source: CRAN
Version: 0.7
Hash: 1ab72df487f06ad5f0de05446cdd4bd6

Package: DEoptimR
Source: CRAN
Version: 1.0-8
Hash: adc74e88e85eabe6c7d73db6a86fe6cf

Package: Formula
Source: CRAN
Version: 1.2-2
Hash: 31c4658e6ae879eee45fcf7b6d109464

Package: GO.db
Source: Bioconductor
Version: 3.4.1
Hash: 2a149023f3a513f836439b78ff34b2c7
Requires: AnnotationDbi

Package: Hmisc
Source: CRAN
Version: 4.0-3
Hash: 7e93c14752acdc238561bbdf56ad9ac2
Requires: Formula, acepack, base64enc, data.table, ggplot2, gridExtra,
    gtable, htmlTable, htmltools, latticeExtra, viridis

Package: IRanges
Source: Bioconductor
Version: 2.14.12
Hash: 20492ada5c7c46f79a923d976dda6624
Requires: BiocGenerics, S4Vectors

Package: R6
Source: CRAN
Version: 2.2.2
Hash: b2366cd9d2f3851a5704b4e192b985c2

Package: RColorBrewer
Source: CRAN
Version: 1.1-2
Hash: c0d56cd15034f395874c870141870c25

Package: RSQLite
Source: CRAN
Version: 2.0
Hash: 4788d4b78e833cb249843ee9083e68bb
Requires: BH, DBI, Rcpp, bit64, blob, memoise, pkgconfig, plogr

Package: Rcpp
Source: CRAN
Version: 0.12.19
Hash: fdff9c3aa69adac28cd5c45cd250c9da

Package: RcppRoll
Source: CRAN
Version: 0.3.0
Hash: 27b50262f5b63c84b11c5801e860ec9a
Requires: Rcpp

Package: S4Vectors
Source: Bioconductor
Version: 0.18.3
Hash: 8e0cda9fedd25e9682cf5277ffb8f8a6
Requires: BiocGenerics

Package: TTR
Source: CRAN
Version: 0.23-3
Hash: 1b8794120417edec5a989892765229e0
Requires: curl, xts, zoo

Package: WGCNA
Source: CRAN
Version: 1.60
Hash: 396b3b0c3717b65c75580c4e22cd08c9
Requires: AnnotationDbi, GO.db, Hmisc, Rcpp, doParallel,
    dynamicTreeCut, fastcluster, foreach, impute, matrixStats,
    preprocessCore, robust

Package: acepack
Source: CRAN
Version: 1.4.1
Hash: 5ed3b04bc1fa1a934188fc6022d3ba7c

Package: assertthat
Source: CRAN
Version: 0.2.0
Hash: e8805df54c65ac96d50235c44a82615c

Package: backports
Source: CRAN
Version: 1.1.0
Hash: 3f754426ca2b7dbbf63951fe5075373b

Package: base64enc
Source: CRAN
Version: 0.1-3
Hash: c590d29e555926af053055e23ee79efb

Package: bindr
Source: CRAN
Version: 0.1.1
Hash: 76578c5f543a6ecbc1365d6445f9ebf7

Package: bindrcpp
Source: CRAN
Version: 0.2.2
Hash: c2e0893c9a11a24c90a1a9f0114ca30f
Requires: Rcpp, bindr, plogr

Package: bit
Source: CRAN
Version: 1.1-12
Hash: a4cdb11cf9fd6dd38f9f40c413b81e93

Package: bit64
Source: CRAN
Version: 0.9-7
Hash: 4b195615d19ba49c114eb04e09e30a96
Requires: bit

Package: bitops
Source: CRAN
Version: 1.0-6
Hash: 67d0775189fd0041d95abca618c5c07e

Package: blob
Source: CRAN
Version: 1.1.1
Hash: 532700d8073e660dce40a984900bc647
Requires: prettyunits

Package: bookdown
Source: CRAN
Version: 0.7
Hash: e5916615038d3cedf27b78814803877c
Requires: htmltools, knitr, rmarkdown, tinytex, xfun, yaml

Package: broom
Source: CRAN
Version: 0.4.4
Hash: dc14fe971ee0fdd4e22b5b1d11611a37
Requires: dplyr, plyr, psych, reshape2, stringr, tidyr

Package: caTools
Source: CRAN
Version: 1.17.1
Hash: 97cb6f6293cd18d17df77a6383cc6763
Requires: bitops

Package: checkmate
Source: CRAN
Version: 1.8.3
Hash: f9639d7685b7bd2350dd6169849e2ae2
Requires: backports

Package: cli
Source: CRAN
Version: 1.0.0
Hash: f4239f89feb7ddc65821e4514e9734ae
Requires: assertthat, crayon

Package: colorspace
Source: CRAN
Version: 1.3-2
Hash: 0bf8618b585fa98eb23414cd3ab95118

Package: crayon
Source: CRAN
Version: 1.3.4
Hash: ff2840dd9b0d563fc80377a5a45510cd

Package: curl
Source: CRAN
Version: 3.2
Hash: 82a7cf5bb702ef52329b6d23ea6132a7

Package: data.table
Source: CRAN
Version: 1.10.4
Hash: 2c7c47ccb40d01c7b214c8eff818108d

Package: devtools
Source: CRAN
Version: 1.13.6
Hash: 9a137acbaeb61f440b1c1dedc1fbcaec
Requires: digest, git2r, httr, jsonlite, memoise, rstudioapi, whisker,
    withr

Package: dichromat
Source: CRAN
Version: 2.0-0
Hash: 08eed0c80510af29bb15f840ccfe37ce

Package: digest
Source: CRAN
Version: 0.6.12
Hash: e53fb8c58673df868183697e39a6a4d6

Package: doParallel
Source: CRAN
Version: 1.0.10
Hash: df91a7abfa938c06ad87b9a2b9269adb
Requires: foreach, iterators

Package: dplyr
Source: CRAN
Version: 0.7.5
Hash: 49e98285d1d8c2edc5e6ac64c5fc6a9b
Requires: BH, R6, Rcpp, assertthat, bindrcpp, glue, magrittr,
    pkgconfig, plogr, rlang, tibble, tidyselect

Package: dynamicTreeCut
Source: CRAN
Version: 1.63-1
Hash: f1c0d0344bcf8d1249a00eace1a84b98

Package: evaluate
Source: CRAN
Version: 0.10.1
Hash: 54d95f4ec6d0300100413ed0127d89ae
Requires: stringr

Package: fastcluster
Source: CRAN
Version: 1.1.22
Hash: e9bc9b7bf582418a79aa7ed7446378c6

Package: fastmatch
Source: CRAN
Version: 1.1-0
Hash: 932691e01f5e2d6de914fd4b847f37c8

Package: fit.models
Source: CRAN
Version: 0.5-14
Hash: 7284fc042aa10b6409d462e9dee42ee2

Package: forcats
Source: CRAN
Version: 0.3.0
Hash: 770f3834b97a2c429bdecb7a5f27eb25
Requires: magrittr, rlang, tibble

Package: foreach
Source: CRAN
Version: 1.4.3
Hash: cd53ef4cf29dc59ce3f8c5c1af735fd1
Requires: iterators

Package: ggplot2
Source: CRAN
Version: 2.2.1
Hash: 46e5cb78836848aa44655e577433f54b
Requires: digest, gtable, lazyeval, plyr, reshape2, scales, tibble

Package: git2r
Source: CRAN
Version: 0.23.0
Hash: ea0a8f265d61f9356d17fff4d9e1613b

Package: glue
Source: CRAN
Version: 1.1.1
Hash: 6dc308ea619fea458577752b55e6e984

Package: gridExtra
Source: CRAN
Version: 2.2.1
Hash: 8f54b57d4b0598ed5b27e0eafe86a670
Requires: gtable

Package: gtable
Source: CRAN
Version: 0.2.0
Hash: cd78381a9d3fea966ac39bd0daaf5554

Package: highr
Source: CRAN
Version: 0.6
Hash: aa3d5b7912b5fed4b546ed5cd2a1760b

Package: htmlTable
Source: CRAN
Version: 1.9
Hash: b2a584fec4ff8c6206b01a55bed18e55
Requires: checkmate, htmlwidgets, knitr, magrittr, stringr

Package: htmltools
Source: CRAN
Version: 0.3.6
Hash: bd3273390b4c6499014589c2920f3152
Requires: Rcpp, digest

Package: htmlwidgets
Source: CRAN
Version: 0.9
Hash: 7514f6ea9f3bef6d9b6c945095275302
Requires: htmltools, jsonlite, yaml

Package: httr
Source: CRAN
Version: 1.3.1
Hash: 2d32e01e53d532c812052e27a1021441
Requires: R6, curl, jsonlite, mime, openssl

Package: impute
Source: Bioconductor
Version: 1.50.1
Hash: 6ac7c0a15cc93f0759532081a16c6284

Package: iterators
Source: CRAN
Version: 1.0.8
Hash: 488b93c2a4166db0d15f1e8d882cb1d4

Package: jsonlite
Source: CRAN
Version: 1.5
Hash: 9c51936d8dd00b2f1d4fe9d10499694c

Package: knitr
Source: CRAN
Version: 1.20
Hash: 9c6b215d1d02b97586c8232e94533e6a
Requires: evaluate, highr, markdown, stringr, yaml

Package: labeling
Source: CRAN
Version: 0.3
Hash: ecf589b42cd284b03a4beb9665482d3e

Package: latticeExtra
Source: CRAN
Version: 0.6-28
Hash: efdf3a10a129129f7b8f4ae5a0d7ec3d
Requires: RColorBrewer

Package: lazyeval
Source: CRAN
Version: 0.2.0
Hash: 3d6e7608e65bbf5cb170dab1e3c9ed8b

Package: lobstr
Source: github
Version: 0.0.0.9000
Hash: 9fe7179a7d2862844bd5e10a22874505
Requires: Rcpp, crayon, rlang
GithubRepo: lobstr
GithubUsername: r-lib
GithubRef: master
GithubSha1: 530db705549c9e07493867b732482786dd8c0837

Package: magrittr
Source: CRAN
Version: 1.5
Hash: bdc4d48c3135e8f3b399536ddf160df4

Package: markdown
Source: CRAN
Version: 0.8
Hash: 045d7c594d503b41f1c28946d076c8aa
Requires: mime

Package: matrixStats
Source: CRAN
Version: 0.52.2
Hash: 6488b8966b761e99eb2ccb3e6ab09ba7

Package: memoise
Source: CRAN
Version: 1.1.0
Hash: 410fcd334bc626db100237cc1370f2e9
Requires: digest

Package: microbenchmark
Source: CRAN
Version: 1.4-4
Hash: 4e38fd553700b7bffffde56cb1c69993

Package: mime
Source: CRAN
Version: 0.5
Hash: 463550cf44fb6f0a2359368f42eebe62

Package: mnormt
Source: CRAN
Version: 1.5-5
Hash: d0d5efbb1fb26d2dc5f9394c223084b5

Package: munsell
Source: CRAN
Version: 0.4.3
Hash: 59881f1f8920fe55d7d05afa1bfd83af
Requires: colorspace

Package: mvtnorm
Source: CRAN
Version: 1.0-6
Hash: 35f65ea33b8d8d0678aa5a16387c4622

Package: openssl
Source: CRAN
Version: 1.0.2
Hash: 12a42cbd5aecdb887782247856ccbafd

Package: packrat
Source: github
Version: 0.4.9-13
Hash: 067ad688741b6747e04354a346068c0f
GithubRepo: packrat
GithubUsername: rstudio
GithubRef: master
GithubSha1: 4a83b7fcc5c0c92c575c40bbd8a8aba746dd66c3

Package: pcaPP
Source: CRAN
Version: 1.9-72
Hash: b6f0214a07d6a832c4e99a6c43dfc079
Requires: mvtnorm

Package: pillar
Source: CRAN
Version: 1.0.1
Hash: 4025a3ad006633faec49105185b99ad8
Requires: cli, crayon, rlang, utf8

Package: pkgconfig
Source: CRAN
Version: 2.0.1
Hash: 0dda4a2654a22b36a715c2b0b6fbacac

Package: plogr
Source: CRAN
Version: 0.2.0
Hash: 81a8008a5e7858552503935f1abe48aa

Package: plyr
Source: CRAN
Version: 1.8.4
Hash: c58ebd9ae0d41ad128635787a2832698
Requires: Rcpp

Package: preprocessCore
Source: Bioconductor
Version: 1.38.1
Hash: a985dbeface311b8da9c9981c84257ff

Package: prettyunits
Source: CRAN
Version: 1.0.2
Hash: 49286102a855640daaa38eafe8b1ec30
Requires: assertthat, magrittr

Package: pryr
Source: CRAN
Version: 0.1.2
Hash: c09eead6448a6b84b8b6a19ed8b57c1f
Requires: Rcpp, stringr

Package: psych
Source: CRAN
Version: 1.8.4
Hash: 63c0d3ff7728dc3fde9822350d6e71a1
Requires: mnormt

Package: purrr
Source: CRAN
Version: 0.2.5
Hash: 8b0c16db10c7e20b70cd37779a673a8b
Requires: magrittr, rlang, tibble

Package: reshape2
Source: CRAN
Version: 1.4.2
Hash: f68fab59f2db4100b113129ed61fe737
Requires: Rcpp, plyr, stringr

Package: rlang
Source: github
Version: 0.2.2.9002
Hash: cf49970ef441e4540561f761fc9c6811
GithubRepo: rlang
GithubUsername: r-lib
GithubRef: master
GithubSha1: d24ce2db72811e9854c7f13cf91b3510f9a6367e

Package: rmarkdown
Source: CRAN
Version: 1.10
Hash: 02f1aac33000c63986c6b5585e36e7ae
Requires: base64enc, evaluate, htmltools, jsonlite, knitr, mime,
    rprojroot, stringr, tinytex, yaml

Package: robust
Source: CRAN
Version: 0.4-18
Hash: 724d0fdaae04da15c84c4714b79f30dd
Requires: fit.models, robustbase, rrcov

Package: robustbase
Source: CRAN
Version: 0.92-7
Hash: 8d57db5d29d2a4dddaac976d7054428d
Requires: DEoptimR

Package: rprojroot
Source: CRAN
Version: 1.3-2
Hash: a25c3f70c166fb3fbabc410eb32b6366
Requires: backports

Package: rrcov
Source: CRAN
Version: 1.4-3
Hash: c4804bb98b9c39daa098f23e417f92fb
Requires: mvtnorm, pcaPP, robustbase

Package: rstudioapi
Source: CRAN
Version: 0.6
Hash: fd256f8bfb9a64cc35f98b0decb1a79f

Package: scales
Source: CRAN
Version: 0.4.1
Hash: 386254d00b6c714e3f710eac46520ca6
Requires: RColorBrewer, Rcpp, dichromat, labeling, munsell, plyr

Package: sloop
Source: github
Version: 0.0.0.9000
Hash: a3c88c4ba6f5c4d5c016381947c6f9bf
Requires: purrr, rlang, tibble
GithubRepo: S3
GithubUsername: hadley
GithubRef: master
GithubSha1: ece21d889be13b85b377bad69200b6c40564b5d5

Package: speedglm
Source: CRAN
Version: 0.3-2
Hash: 7f253285cb84d32183a413fb867f94d0

Package: stringi
Source: CRAN
Version: 1.1.5
Hash: b6308e49357a0b475f433599e0d8b5eb

Package: stringr
Source: CRAN
Version: 1.2.0
Hash: 25a86d7f410513ebb7c0bc6a5e16bdc3
Requires: magrittr, stringi

Package: tibble
Source: CRAN
Version: 1.3.3
Hash: 07f2e7b44dfde2ebe46eac1102a9eae4
Requires: Rcpp, rlang

Package: tidyr
Source: CRAN
Version: 0.8.1
Hash: 3b67391a922e482f233a29ad48e7ed0f
Requires: Rcpp, dplyr, glue, magrittr, purrr, rlang, stringi, tibble,
    tidyselect

Package: tidyselect
Source: CRAN
Version: 0.2.4
Hash: 740eee0076ff08393a3f2df26e7566ab
Requires: Rcpp, glue, purrr, rlang

Package: tinytex
Source: CRAN
Version: 0.5
Hash: ab9db0efa5f7f5a39f18fc7577192c4b

Package: utf8
Source: CRAN
Version: 1.1.3
Hash: a2fe6a996668ee5850b7719f365e831b

Package: viridis
Source: CRAN
Version: 0.4.0
Hash: 5bdac1bcf74a10a7a96f82191f498ab7
Requires: ggplot2, gridExtra, viridisLite

Package: viridisLite
Source: CRAN
Version: 0.2.0
Hash: 10f0c25af3dc84eaae10f5854f47efdb

Package: whisker
Source: CRAN
Version: 0.3-2
Hash: 803d662762e532705c2c066a82d066e7

Package: withr
Source: CRAN
Version: 2.1.2
Hash: d534108bcd5f34ec73e9eb523751ba20

Package: xfun
Source: CRAN
Version: 0.2
Hash: d646e644e283d1956687b7e1b2da1219

Package: xts
Source: CRAN
Version: 0.10-2
Hash: 7bb054d18f01c6c3e9f329ec20403277
Requires: zoo

Package: yaml
Source: CRAN
Version: 2.1.14
Hash: c81230c3a7d9ba20607ad6b4331173d1

Package: zoo
Source: CRAN
Version: 1.8-2
Hash: cc7dd771ff658604443bb4987cff8b1c
